
Microsoft Visual Studio Solution File, Format Version 12.00
# Visual Studio 15
VisualStudioVersion = 15.0.28307.757
MinimumVisualStudioVersion = 10.0.40219.1
Project("{FAE04EC0-301F-11D3-BF4B-00C04F79EFBC}") = "SENAI.Autopecas.WebApi", "SENAI.Autopecas.WebApi\SENAI.Autopecas.WebApi.csproj", "{72E4AEA8-C892-431E-BB1F-15FFD0033F8A}"
EndProject
Global
	GlobalSection(SolutionConfigurationPlatforms) = preSolution
		Debug|Any CPU = Debug|Any CPU
		Release|Any CPU = Release|Any CPU
	EndGlobalSection
	GlobalSection(ProjectConfigurationPlatforms) = postSolution
		{72E4AEA8-C892-431E-BB1F-15FFD0033F8A}.Debug|Any CPU.ActiveCfg = Debug|Any CPU
		{72E4AEA8-C892-431E-BB1F-15FFD0033F8A}.Debug|Any CPU.Build.0 = Debug|Any CPU
		{72E4AEA8-C892-431E-BB1F-15FFD0033F8A}.Release|Any CPU.ActiveCfg = Release|Any CPU
		{72E4AEA8-C892-431E-BB1F-15FFD0033F8A}.Release|Any CPU.Build.0 = Release|Any CPU
	EndGlobalSection
	GlobalSection(SolutionProperties) = preSolution
		HideSolutionNode = FALSE
	EndGlobalSection
	GlobalSection(ExtensibilityGlobals) = postSolution
		SolutionGuid = {866E4DE4-4472-4810-8924-3B19DDB2B995}
	EndGlobalSection
EndGlobal
