
Microsoft Visual Studio Solution File, Format Version 12.00
# Visual Studio 15
VisualStudioVersion = 15.0.28307.757
MinimumVisualStudioVersion = 10.0.40219.1
Project("{FAE04EC0-301F-11D3-BF4B-00C04F79EFBC}") = "Senai.Sstop.WebApi", "Senai.Sstop.WebApi\Senai.Sstop.WebApi.csproj", "{18454DB6-AA8C-42CD-8E8D-3F79651AC220}"
EndProject
Global
	GlobalSection(SolutionConfigurationPlatforms) = preSolution
		Debug|Any CPU = Debug|Any CPU
		Release|Any CPU = Release|Any CPU
	EndGlobalSection
	GlobalSection(ProjectConfigurationPlatforms) = postSolution
		{18454DB6-AA8C-42CD-8E8D-3F79651AC220}.Debug|Any CPU.ActiveCfg = Debug|Any CPU
		{18454DB6-AA8C-42CD-8E8D-3F79651AC220}.Debug|Any CPU.Build.0 = Debug|Any CPU
		{18454DB6-AA8C-42CD-8E8D-3F79651AC220}.Release|Any CPU.ActiveCfg = Release|Any CPU
		{18454DB6-AA8C-42CD-8E8D-3F79651AC220}.Release|Any CPU.Build.0 = Release|Any CPU
	EndGlobalSection
	GlobalSection(SolutionProperties) = preSolution
		HideSolutionNode = FALSE
	EndGlobalSection
	GlobalSection(ExtensibilityGlobals) = postSolution
		SolutionGuid = {CD78B493-DCCA-4547-9A49-D93F64248CC1}
	EndGlobalSection
EndGlobal
